
Microsoft Visual Studio Solution File, Format Version 12.00
# Visual Studio 15
Project("{FAE04EC0-301F-11D3-BF4B-00C04F79EFBC}") = "Factory_Coding_Exercise", "Factory_Coding_Exercise\Factory_Coding_Exercise.csproj", "{4CA5C23E-DF3C-4892-A12A-C368E223D6CC}"
EndProject
Global
	GlobalSection(SolutionConfigurationPlatforms) = preSolution
		Debug|anycpu = Debug|anycpu
		Release|anycpu = Release|anycpu
	EndGlobalSection
	GlobalSection(ProjectConfigurationPlatforms) = postSolution
		{4CA5C23E-DF3C-4892-A12A-C368E223D6CC}.Debug|anycpu.ActiveCfg = Debug|anycpu
		{4CA5C23E-DF3C-4892-A12A-C368E223D6CC}.Debug|anycpu.Build.0 = Debug|anycpu
		{4CA5C23E-DF3C-4892-A12A-C368E223D6CC}.Release|anycpu.ActiveCfg = Release|anycpu
		{4CA5C23E-DF3C-4892-A12A-C368E223D6CC}.Release|anycpu.Build.0 = Release|anycpu
	EndGlobalSection
EndGlobal
